
Microsoft Visual Studio Solution File, Format Version 12.00
# Visual Studio Version 17
VisualStudioVersion = 17.4.33205.214
MinimumVisualStudioVersion = 10.0.40219.1
Project("{9A19103F-16F7-4668-BE54-9A1E7A4F7556}") = "Motor Vehicle Accident", "Motor Vehicle Accident.csproj", "{1FC05341-A36F-48DB-A357-497CDAC812A0}"
EndProject
Project("{FAE04EC0-301F-11D3-BF4B-00C04F79EFBC}") = "MVA Plugin", "..\MVA Plugin\MVA Plugin.csproj", "{DF91F446-D0FA-479E-AB09-BD9F8FAF22EF}"
EndProject
Global
	GlobalSection(SolutionConfigurationPlatforms) = preSolution
		Debug|Any CPU = Debug|Any CPU
		Release|Any CPU = Release|Any CPU
	EndGlobalSection
	GlobalSection(ProjectConfigurationPlatforms) = postSolution
		{1FC05341-A36F-48DB-A357-497CDAC812A0}.Debug|Any CPU.ActiveCfg = Debug|Any CPU
		{1FC05341-A36F-48DB-A357-497CDAC812A0}.Debug|Any CPU.Build.0 = Debug|Any CPU
		{1FC05341-A36F-48DB-A357-497CDAC812A0}.Release|Any CPU.ActiveCfg = Release|Any CPU
		{1FC05341-A36F-48DB-A357-497CDAC812A0}.Release|Any CPU.Build.0 = Release|Any CPU
		{DF91F446-D0FA-479E-AB09-BD9F8FAF22EF}.Debug|Any CPU.ActiveCfg = Debug|Any CPU
		{DF91F446-D0FA-479E-AB09-BD9F8FAF22EF}.Debug|Any CPU.Build.0 = Debug|Any CPU
		{DF91F446-D0FA-479E-AB09-BD9F8FAF22EF}.Release|Any CPU.ActiveCfg = Release|Any CPU
		{DF91F446-D0FA-479E-AB09-BD9F8FAF22EF}.Release|Any CPU.Build.0 = Release|Any CPU
	EndGlobalSection
	GlobalSection(SolutionProperties) = preSolution
		HideSolutionNode = FALSE
	EndGlobalSection
	GlobalSection(ExtensibilityGlobals) = postSolution
		SolutionGuid = {4FE91FA5-581F-4A80-8485-691B42883614}
	EndGlobalSection
EndGlobal
